
Microsoft Visual Studio Solution File, Format Version 12.00
# Visual Studio Version 17
VisualStudioVersion = 17.14.36429.23
MinimumVisualStudioVersion = 10.0.40219.1
Project("{FAE04EC0-301F-11D3-BF4B-00C04F79EFBC}") = "BulkyWeb", "BulkyWeb\BulkyWeb.csproj", "{A7DEB0A3-2CA5-4A4D-9520-A61ED857D84F}"
EndProject
Project("{FAE04EC0-301F-11D3-BF4B-00C04F79EFBC}") = "Bulky.DataAccess", "Bulky.DataAccess\Bulky.DataAccess.csproj", "{F81C44E1-9A57-453F-B9E8-BB5346D40409}"
EndProject
Project("{FAE04EC0-301F-11D3-BF4B-00C04F79EFBC}") = "Bulky.Models", "Bulky.Models\Bulky.Models.csproj", "{1641728D-4FCA-41D0-B1FC-4EF5B9CC738F}"
EndProject
Project("{FAE04EC0-301F-11D3-BF4B-00C04F79EFBC}") = "Bulky.Utility", "Bulky.Utility\Bulky.Utility.csproj", "{45549E48-60CC-403F-9161-054ECDDE63CC}"
EndProject
Project("{FAE04EC0-301F-11D3-BF4B-00C04F79EFBC}") = "DI_Service_Lifetime", "DI_Service_Lifetime\DI_Service_Lifetime.csproj", "{25C9BDE6-0499-4DDA-95AD-D3D14B2B2D56}"
EndProject
Global
	GlobalSection(SolutionConfigurationPlatforms) = preSolution
		Debug|Any CPU = Debug|Any CPU
		Release|Any CPU = Release|Any CPU
	EndGlobalSection
	GlobalSection(ProjectConfigurationPlatforms) = postSolution
		{A7DEB0A3-2CA5-4A4D-9520-A61ED857D84F}.Debug|Any CPU.ActiveCfg = Debug|Any CPU
		{A7DEB0A3-2CA5-4A4D-9520-A61ED857D84F}.Debug|Any CPU.Build.0 = Debug|Any CPU
		{A7DEB0A3-2CA5-4A4D-9520-A61ED857D84F}.Release|Any CPU.ActiveCfg = Release|Any CPU
		{A7DEB0A3-2CA5-4A4D-9520-A61ED857D84F}.Release|Any CPU.Build.0 = Release|Any CPU
		{F81C44E1-9A57-453F-B9E8-BB5346D40409}.Debug|Any CPU.ActiveCfg = Debug|Any CPU
		{F81C44E1-9A57-453F-B9E8-BB5346D40409}.Debug|Any CPU.Build.0 = Debug|Any CPU
		{F81C44E1-9A57-453F-B9E8-BB5346D40409}.Release|Any CPU.ActiveCfg = Release|Any CPU
		{F81C44E1-9A57-453F-B9E8-BB5346D40409}.Release|Any CPU.Build.0 = Release|Any CPU
		{1641728D-4FCA-41D0-B1FC-4EF5B9CC738F}.Debug|Any CPU.ActiveCfg = Debug|Any CPU
		{1641728D-4FCA-41D0-B1FC-4EF5B9CC738F}.Debug|Any CPU.Build.0 = Debug|Any CPU
		{1641728D-4FCA-41D0-B1FC-4EF5B9CC738F}.Release|Any CPU.ActiveCfg = Release|Any CPU
		{1641728D-4FCA-41D0-B1FC-4EF5B9CC738F}.Release|Any CPU.Build.0 = Release|Any CPU
		{45549E48-60CC-403F-9161-054ECDDE63CC}.Debug|Any CPU.ActiveCfg = Debug|Any CPU
		{45549E48-60CC-403F-9161-054ECDDE63CC}.Debug|Any CPU.Build.0 = Debug|Any CPU
		{45549E48-60CC-403F-9161-054ECDDE63CC}.Release|Any CPU.ActiveCfg = Release|Any CPU
		{45549E48-60CC-403F-9161-054ECDDE63CC}.Release|Any CPU.Build.0 = Release|Any CPU
		{25C9BDE6-0499-4DDA-95AD-D3D14B2B2D56}.Debug|Any CPU.ActiveCfg = Debug|Any CPU
		{25C9BDE6-0499-4DDA-95AD-D3D14B2B2D56}.Debug|Any CPU.Build.0 = Debug|Any CPU
		{25C9BDE6-0499-4DDA-95AD-D3D14B2B2D56}.Release|Any CPU.ActiveCfg = Release|Any CPU
		{25C9BDE6-0499-4DDA-95AD-D3D14B2B2D56}.Release|Any CPU.Build.0 = Release|Any CPU
	EndGlobalSection
	GlobalSection(SolutionProperties) = preSolution
		HideSolutionNode = FALSE
	EndGlobalSection
	GlobalSection(ExtensibilityGlobals) = postSolution
		SolutionGuid = {1E5265C2-1012-410E-9F60-FEE064FA3721}
	EndGlobalSection
EndGlobal
