
Microsoft Visual Studio Solution File, Format Version 12.00
# Visual Studio Version 17
VisualStudioVersion = 17.14.36429.23 d17.14
MinimumVisualStudioVersion = 10.0.40219.1
Project("{FAE04EC0-301F-11D3-BF4B-00C04F79EFBC}") = "ConsoleHelloWorld", "ConsoleHelloWorld\ConsoleHelloWorld.csproj", "{0EB0C266-F7F3-4E57-810A-72A7ECF32502}"
EndProject
Global
	GlobalSection(SolutionConfigurationPlatforms) = preSolution
		Debug|Any CPU = Debug|Any CPU
		Release|Any CPU = Release|Any CPU
	EndGlobalSection
	GlobalSection(ProjectConfigurationPlatforms) = postSolution
		{0EB0C266-F7F3-4E57-810A-72A7ECF32502}.Debug|Any CPU.ActiveCfg = Debug|Any CPU
		{0EB0C266-F7F3-4E57-810A-72A7ECF32502}.Debug|Any CPU.Build.0 = Debug|Any CPU
		{0EB0C266-F7F3-4E57-810A-72A7ECF32502}.Release|Any CPU.ActiveCfg = Release|Any CPU
		{0EB0C266-F7F3-4E57-810A-72A7ECF32502}.Release|Any CPU.Build.0 = Release|Any CPU
	EndGlobalSection
	GlobalSection(SolutionProperties) = preSolution
		HideSolutionNode = FALSE
	EndGlobalSection
	GlobalSection(ExtensibilityGlobals) = postSolution
		SolutionGuid = {DE919A6C-F678-401D-B90A-AFD3DF0B3244}
	EndGlobalSection
EndGlobal
